schema: '2.0'
stages:
  data_ingestion:
    cmd: python  src/data_ingestion.py
    deps:
    - path: src/data_ingestion.py
      hash: md5
      md5: c94b10fd444931750600f42fe879cff6
      size: 3776
    params:
      params.yaml:
        data_ingestion.test_size: 0.1
    outs:
    - path: data/raw
      hash: md5
      md5: 9097e041a34df9054caed15688df1464.dir
      size: 484846
      nfiles: 2
  data_preprocessing:
    cmd: python  src/data_preprocessing.py
    deps:
    - path: data/raw
      hash: md5
      md5: 9097e041a34df9054caed15688df1464.dir
      size: 484846
      nfiles: 2
    - path: src/data_preprocessing.py
      hash: md5
      md5: ae0059b79590609927f72e3c373f1865
      size: 3973
    outs:
    - path: data/interim
      hash: md5
      md5: 372e18bfa771372d41b683bc64b32377.dir
      size: 257605
      nfiles: 2
  feature_engineering:
    cmd: python  src/feature_engineering.py
    deps:
    - path: data/interim
      hash: md5
      md5: 372e18bfa771372d41b683bc64b32377.dir
      size: 257605
      nfiles: 2
    - path: src/feature_engineering.py
      hash: md5
      md5: cf8448c21ab5f64a81b288de0c331814
      size: 3910
    params:
      params.yaml:
        feature_engineering.max_features: 20
    outs:
    - path: data/processed
      hash: md5
      md5: b945e2868a830792cc32d4d705217eef.dir
      size: 481165
      nfiles: 2
  model_building:
    cmd: python  src/model_building.py
    deps:
    - path: data/processed
      hash: md5
      md5: b945e2868a830792cc32d4d705217eef.dir
      size: 481165
      nfiles: 2
    - path: src/model_building.py
      hash: md5
      md5: aead55ab7bfb74dab4a321b778a2afcd
      size: 4486
    params:
      params.yaml:
        model_building.n_estimators: 20
        model_building.random_state: 2
    outs:
    - path: models/model.pkl
      hash: md5
      md5: dd90e65ff351a97849722e854795c1fb
      size: 489121
  model_evaluatoin:
    cmd: python src/model_evaluation.py
    deps:
    - path: models/model.pkl
      hash: md5
      md5: dd90e65ff351a97849722e854795c1fb
      size: 489121
    - path: src/model_evaluation.py
      hash: md5
      md5: 6ee8b3b43308c8872630d769ed2a6838
      size: 4674
    outs:
    - path: reports/metrics.json
      hash: md5
      md5: 6fad13f6f9967de7494baaf6b40f5381
      size: 144
